// !$*UTF8*$!
{
	archiveVersion = 1;
	classes = {
	};
	objectVersion = 46;
	objects = {

/* Begin PBXBuildFile section */
		2AEA082C198D1DB300DE5752 /* main.swift in Sources */ = {isa = PBXBuildFile; fileRef = 2AEA082B198D1DB300DE5752 /* main.swift */; };
		2AEA082E198D1DB300DE5752 /* AppDelegate.swift in Sources */ = {isa = PBXBuildFile; fileRef = 2AEA082D198D1DB300DE5752 /* AppDelegate.swift */; };
		2AEA0830198D1DB300DE5752 /* Images.xcassets in Resources */ = {isa = PBXBuildFile; fileRef = 2AEA082F198D1DB300DE5752 /* Images.xcassets */; };
		2AEA0833198D1DB300DE5752 /* MainMenu.xib in Resources */ = {isa = PBXBuildFile; fileRef = 2AEA0831198D1DB300DE5752 /* MainMenu.xib */; };
		2AEA083F198D1DB400DE5752 /* iTunesTagEditor2Tests.swift in Sources */ = {isa = PBXBuildFile; fileRef = 2AEA083E198D1DB400DE5752 /* iTunesTagEditor2Tests.swift */; };
/* End PBXBuildFile section */

/* Begin PBXContainerItemProxy section */
		2AEA0839198D1DB400DE5752 /* PBXContainerItemProxy */ = {
			isa = PBXContainerItemProxy;
			containerPortal = 2AEA081E198D1DB300DE5752 /* Project object */;
			proxyType = 1;
			remoteGlobalIDString = 2AEA0825198D1DB300DE5752;
			remoteInfo = iTunesTagEditor2;
		};
/* End PBXContainerItemProxy section */

/* Begin PBXFileReference section */
		2AEA0826198D1DB300DE5752 /* iTunesTagEditor2.app */ = {isa = PBXFileReference; explicitFileType = wrapper.application; includeInIndex = 0; path = iTunesTagEditor2.app; sourceTree = BUILT_PRODUCTS_DIR; };
		2AEA082A198D1DB300DE5752 /* Info.plist */ = {isa = PBXFileReference; lastKnownFileType = text.plist.xml; path = Info.plist; sourceTree = "<group>"; };
		2AEA082B198D1DB300DE5752 /* main.swift */ = {isa = PBXFileReference; lastKnownFileType = sourcecode.swift; path = main.swift; sourceTree = "<group>"; };
		2AEA082D198D1DB300DE5752 /* AppDelegate.swift */ = {isa = PBXFileReference; lastKnownFileType = sourcecode.swift; path = AppDelegate.swift; sourceTree = "<group>"; };
		2AEA082F198D1DB300DE5752 /* Images.xcassets */ = {isa = PBXFileReference; lastKnownFileType = folder.assetcatalog; path = Images.xcassets; sourceTree = "<group>"; };
		2AEA0832198D1DB300DE5752 /* Base */ = {isa = PBXFileReference; lastKnownFileType = file.xib; name = Base; path = Base.lproj/MainMenu.xib; sourceTree = "<group>"; };
		2AEA0838198D1DB400DE5752 /* iTunesTagEditor2Tests.xctest */ = {isa = PBXFileReference; explicitFileType = wrapper.cfbundle; includeInIndex = 0; path = iTunesTagEditor2Tests.xctest; sourceTree = BUILT_PRODUCTS_DIR; };
		2AEA083D198D1DB400DE5752 /* Info.plist */ = {isa = PBXFileReference; lastKnownFileType = text.plist.xml; path = Info.plist; sourceTree = "<group>"; };
		2AEA083E198D1DB400DE5752 /* iTunesTagEditor2Tests.swift */ = {isa = PBXFileReference; lastKnownFileType = sourcecode.swift; path = iTunesTagEditor2Tests.swift; sourceTree = "<group>"; };
/* End PBXFileReference section */

/* Begin PBXFrameworksBuildPhase section */
		2AEA0823198D1DB300DE5752 /* Frameworks */ = {
			isa = PBXFrameworksBuildPhase;
			buildActionMask = 2147483647;
			files = (
			);
			runOnlyForDeploymentPostprocessing = 0;
		};
		2AEA0835198D1DB400DE5752 /* Frameworks */ = {
			isa = PBXFrameworksBuildPhase;
			buildActionMask = 2147483647;
			files = (
			);
			runOnlyForDeploymentPostprocessing = 0;
		};
/* End PBXFrameworksBuildPhase section */

/* Begin PBXGroup section */
		2AEA081D198D1DB300DE5752 = {
			isa = PBXGroup;
			children = (
				2AEA0828198D1DB300DE5752 /* iTunesTagEditor2 */,
				2AEA083B198D1DB400DE5752 /* iTunesTagEditor2Tests */,
				2AEA0827198D1DB300DE5752 /* Products */,
			);
			sourceTree = "<group>";
		};
		2AEA0827198D1DB300DE5752 /* Products */ = {
			isa = PBXGroup;
			children = (
				2AEA0826198D1DB300DE5752 /* iTunesTagEditor2.app */,
				2AEA0838198D1DB400DE5752 /* iTunesTagEditor2Tests.xctest */,
			);
			name = Products;
			sourceTree = "<group>";
		};
		2AEA0828198D1DB300DE5752 /* iTunesTagEditor2 */ = {
			isa = PBXGroup;
			children = (
				2AEA082D198D1DB300DE5752 /* AppDelegate.swift */,
				2AEA082F198D1DB300DE5752 /* Images.xcassets */,
				2AEA0831198D1DB300DE5752 /* MainMenu.xib */,
				2AEA0829198D1DB300DE5752 /* Supporting Files */,
			);
			path = iTunesTagEditor2;
			sourceTree = "<group>";
		};
		2AEA0829198D1DB300DE5752 /* Supporting Files */ = {
			isa = PBXGroup;
			children = (
				2AEA082A198D1DB300DE5752 /* Info.plist */,
				2AEA082B198D1DB300DE5752 /* main.swift */,
			);
			name = "Supporting Files";
			sourceTree = "<group>";
		};
		2AEA083B198D1DB400DE5752 /* iTunesTagEditor2Tests */ = {
			isa = PBXGroup;
			children = (
				2AEA083E198D1DB400DE5752 /* iTunesTagEditor2Tests.swift */,
				2AEA083C198D1DB400DE5752 /* Supporting Files */,
			);
			path = iTunesTagEditor2Tests;
			sourceTree = "<group>";
		};
		2AEA083C198D1DB400DE5752 /* Supporting Files */ = {
			isa = PBXGroup;
			children = (
				2AEA083D198D1DB400DE5752 /* Info.plist */,
			);
			name = "Supporting Files";
			sourceTree = "<group>";
		};
/* End PBXGroup section */

/* Begin PBXNativeTarget section */
		2AEA0825198D1DB300DE5752 /* iTunesTagEditor2 */ = {
			isa = PBXNativeTarget;
			buildConfigurationList = 2AEA0842198D1DB400DE5752 /* Build configuration list for PBXNativeTarget "iTunesTagEditor2" */;
			buildPhases = (
				2AEA0822198D1DB300DE5752 /* Sources */,
				2AEA0823198D1DB300DE5752 /* Frameworks */,
				2AEA0824198D1DB300DE5752 /* Resources */,
			);
			buildRules = (
			);
			dependencies = (
			);
			name = iTunesTagEditor2;
			productName = iTunesTagEditor2;
			productReference = 2AEA0826198D1DB300DE5752 /* iTunesTagEditor2.app */;
			productType = "com.apple.product-type.application";
		};
		2AEA0837198D1DB400DE5752 /* iTunesTagEditor2Tests */ = {
			isa = PBXNativeTarget;
			buildConfigurationList = 2AEA0845198D1DB400DE5752 /* Build configuration list for PBXNativeTarget "iTunesTagEditor2Tests" */;
			buildPhases = (
				2AEA0834198D1DB400DE5752 /* Sources */,
				2AEA0835198D1DB400DE5752 /* Frameworks */,
				2AEA0836198D1DB400DE5752 /* Resources */,
			);
			buildRules = (
			);
			dependencies = (
				2AEA083A198D1DB400DE5752 /* PBXTargetDependency */,
			);
			name = iTunesTagEditor2Tests;
			productName = iTunesTagEditor2Tests;
			productReference = 2AEA0838198D1DB400DE5752 /* iTunesTagEditor2Tests.xctest */;
			productType = "com.apple.product-type.bundle.unit-test";
		};
/* End PBXNativeTarget section */

/* Begin PBXProject section */
		2AEA081E198D1DB300DE5752 /* Project object */ = {
			isa = PBXProject;
			attributes = {
				LastUpgradeCheck = 0600;
				ORGANIZATIONNAME = ay65535;
				TargetAttributes = {
					2AEA0825198D1DB300DE5752 = {
						CreatedOnToolsVersion = 6.0;
					};
					2AEA0837198D1DB400DE5752 = {
						CreatedOnToolsVersion = 6.0;
						TestTargetID = 2AEA0825198D1DB300DE5752;
					};
				};
			};
			buildConfigurationList = 2AEA0821198D1DB300DE5752 /* Build configuration list for PBXProject "iTunesTagEditor2" */;
			compatibilityVersion = "Xcode 3.2";
			developmentRegion = English;
			hasScannedForEncodings = 0;
			knownRegions = (
				en,
				Base,
			);
			mainGroup = 2AEA081D198D1DB300DE5752;
			productRefGroup = 2AEA0827198D1DB300DE5752 /* Products */;
			projectDirPath = "";
			projectRoot = "";
			targets = (
				2AEA0825198D1DB300DE5752 /* iTunesTagEditor2 */,
				2AEA0837198D1DB400DE5752 /* iTunesTagEditor2Tests */,
			);
		};
/* End PBXProject section */

/* Begin PBXResourcesBuildPhase section */
		2AEA0824198D1DB300DE5752 /* Resources */ = {
			isa = PBXResourcesBuildPhase;
			buildActionMask = 2147483647;
			files = (
				2AEA0830198D1DB300DE5752 /* Images.xcassets in Resources */,
				2AEA0833198D1DB300DE5752 /* MainMenu.xib in Resources */,
			);
			runOnlyForDeploymentPostprocessing = 0;
		};
		2AEA0836198D1DB400DE5752 /* Resources */ = {
			isa = PBXResourcesBuildPhase;
			buildActionMask = 2147483647;
			files = (
			);
			runOnlyForDeploymentPostprocessing = 0;
		};
/* End PBXResourcesBuildPhase section */

/* Begin PBXSourcesBuildPhase section */
		2AEA0822198D1DB300DE5752 /* Sources */ = {
			isa = PBXSourcesBuildPhase;
			buildActionMask = 2147483647;
			files = (
				2AEA082E198D1DB300DE5752 /* AppDelegate.swift in Sources */,
				2AEA082C198D1DB300DE5752 /* main.swift in Sources */,
			);
			runOnlyForDeploymentPostprocessing = 0;
		};
		2AEA0834198D1DB400DE5752 /* Sources */ = {
			isa = PBXSourcesBuildPhase;
			buildActionMask = 2147483647;
			files = (
				2AEA083F198D1DB400DE5752 /* iTunesTagEditor2Tests.swift in Sources */,
			);
			runOnlyForDeploymentPostprocessing = 0;
		};
/* End PBXSourcesBuildPhase section */

/* Begin PBXTargetDependency section */
		2AEA083A198D1DB400DE5752 /* PBXTargetDependency */ = {
			isa = PBXTargetDependency;
			target = 2AEA0825198D1DB300DE5752 /* iTunesTagEditor2 */;
			targetProxy = 2AEA0839198D1DB400DE5752 /* PBXContainerItemProxy */;
		};
/* End PBXTargetDependency section */

/* Begin PBXVariantGroup section */
		2AEA0831198D1DB300DE5752 /* MainMenu.xib */ = {
			isa = PBXVariantGroup;
			children = (
				2AEA0832198D1DB300DE5752 /* Base */,
			);
			name = MainMenu.xib;
			sourceTree = "<group>";
		};
/* End PBXVariantGroup section */

/* Begin XCBuildConfiguration section */
		2AEA0840198D1DB400DE5752 /* Debug */ = {
			isa = XCBuildConfiguration;
			buildSettings = {
				ALWAYS_SEARCH_USER_PATHS = NO;
				CLANG_CXX_LANGUAGE_STANDARD = "gnu++0x";
				CLANG_CXX_LIBRARY = "libc++";
				CLANG_ENABLE_MODULES = YES;
				CLANG_ENABLE_OBJC_ARC = YES;
				CLANG_WARN_BOOL_CONVERSION = YES;
				CLANG_WARN_CONSTANT_CONVERSION = YES;
				CLANG_WARN_DIRECT_OBJC_ISA_USAGE = YES_ERROR;
				CLANG_WARN_EMPTY_BODY = YES;
				CLANG_WARN_ENUM_CONVERSION = YES;
				CLANG_WARN_INT_CONVERSION = YES;
				CLANG_WARN_OBJC_ROOT_CLASS = YES_ERROR;
				CLANG_WARN_UNREACHABLE_CODE = YES;
				CLANG_WARN__DUPLICATE_METHOD_MATCH = YES;
				CODE_SIGN_IDENTITY = "-";
				COPY_PHASE_STRIP = NO;
				ENABLE_STRICT_OBJC_MSGSEND = YES;
				GCC_C_LANGUAGE_STANDARD = gnu99;
				GCC_DYNAMIC_NO_PIC = NO;
				GCC_OPTIMIZATION_LEVEL = 0;
				GCC_PREPROCESSOR_DEFINITIONS = (
					"DEBUG=1",
					"$(inherited)",
				);
				GCC_SYMBOLS_PRIVATE_EXTERN = NO;
				GCC_WARN_64_TO_32_BIT_CONVERSION = YES;
				GCC_WARN_ABOUT_RETURN_TYPE = YES_ERROR;
				GCC_WARN_UNDECLARED_SELECTOR = YES;
				GCC_WARN_UNINITIALIZED_AUTOS = YES_AGGRESSIVE;
				GCC_WARN_UNUSED_FUNCTION = YES;
				GCC_WARN_UNUSED_VARIABLE = YES;
				MACOSX_DEPLOYMENT_TARGET = 10.9;
				MTL_ENABLE_DEBUG_INFO = YES;
				ONLY_ACTIVE_ARCH = YES;
				SDKROOT = macosx;
				SWIFT_OPTIMIZATION_LEVEL = "-Onone";
			};
			name = Debug;
		};
		2AEA0841198D1DB400DE5752 /* Release */ = {
			isa = XCBuildConfiguration;
			buildSettings = {
				ALWAYS_SEARCH_USER_PATHS = NO;
				CLANG_CXX_LANGUAGE_STANDARD = "gnu++0x";
				CLANG_CXX_LIBRARY = "libc++";
				CLANG_ENABLE_MODULES = YES;
				CLANG_ENABLE_OBJC_ARC = YES;
				CLANG_WARN_BOOL_CONVERSION = YES;
				CLANG_WARN_CONSTANT_CONVERSION = YES;
				CLANG_WARN_DIRECT_OBJC_ISA_USAGE = YES_ERROR;
				CLANG_WARN_EMPTY_BODY = YES;
				CLANG_WARN_ENUM_CONVERSION = YES;
				CLANG_WARN_INT_CONVERSION = YES;
				CLANG_WARN_OBJC_ROOT_CLASS = YES_ERROR;
				CLANG_WARN_UNREACHABLE_CODE = YES;
				CLANG_WARN__DUPLICATE_METHOD_MATCH = YES;
				CODE_SIGN_IDENTITY = "-";
				COPY_PHASE_STRIP = YES;
				DEBUG_INFORMATION_FORMAT = "dwarf-with-dsym";
				ENABLE_NS_ASSERTIONS = NO;
				ENABLE_STRICT_OBJC_MSGSEND = YES;
				GCC_C_LANGUAGE_STANDARD = gnu99;
				GCC_WARN_64_TO_32_BIT_CONVERSION = YES;
				GCC_WARN_ABOUT_RETURN_TYPE = YES_ERROR;
				GCC_WARN_UNDECLARED_SELECTOR = YES;
				GCC_WARN_UNINITIALIZED_AUTOS = YES_AGGRESSIVE;
				GCC_WARN_UNUSED_FUNCTION = YES;
				GCC_WARN_UNUSED_VARIABLE = YES;
				MACOSX_DEPLOYMENT_TARGET = 10.9;
				MTL_ENABLE_DEBUG_INFO = NO;
				SDKROOT = macosx;
			};
			name = Release;
		};
		2AEA0843198D1DB400DE5752 /* Debug */ = {
			isa = XCBuildConfiguration;
			buildSettings = {
				ASSETCATALOG_COMPILER_APPICON_NAME = AppIcon;
				COMBINE_HIDPI_IMAGES = YES;
				INFOPLIST_FILE = iTunesTagEditor2/Info.plist;
				LD_RUNPATH_SEARCH_PATHS = "$(inherited) @executable_path/../Frameworks";
				PRODUCT_NAME = "$(TARGET_NAME)";
			};
			name = Debug;
		};
		2AEA0844198D1DB400DE5752 /* Release */ = {
			isa = XCBuildConfiguration;
			buildSettings = {
				ASSETCATALOG_COMPILER_APPICON_NAME = AppIcon;
				COMBINE_HIDPI_IMAGES = YES;
				INFOPLIST_FILE = iTunesTagEditor2/Info.plist;
				LD_RUNPATH_SEARCH_PATHS = "$(inherited) @executable_path/../Frameworks";
				PRODUCT_NAME = "$(TARGET_NAME)";
			};
			name = Release;
		};
		2AEA0846198D1DB400DE5752 /* Debug */ = {
			isa = XCBuildConfiguration;
			buildSettings = {
				BUNDLE_LOADER = "$(BUILT_PRODUCTS_DIR)/iTunesTagEditor2.app/Contents/MacOS/iTunesTagEditor2";
				COMBINE_HIDPI_IMAGES = YES;
				FRAMEWORK_SEARCH_PATHS = (
					"$(DEVELOPER_FRAMEWORKS_DIR)",
					"$(inherited)",
				);
				GCC_PREPROCESSOR_DEFINITIONS = (
					"DEBUG=1",
					"$(inherited)",
				);
				INFOPLIST_FILE = iTunesTagEditor2Tests/Info.plist;
				LD_RUNPATH_SEARCH_PATHS = "$(inherited) @executable_path/../Frameworks @loader_path/../Frameworks";
				PRODUCT_NAME = "$(TARGET_NAME)";
				TEST_HOST = "$(BUNDLE_LOADER)";
			};
			name = Debug;
		};
		2AEA0847198D1DB400DE5752 /* Release */ = {
			isa = XCBuildConfiguration;
			buildSettings = {
				BUNDLE_LOADER = "$(BUILT_PRODUCTS_DIR)/iTunesTagEditor2.app/Contents/MacOS/iTunesTagEditor2";
				COMBINE_HIDPI_IMAGES = YES;
				FRAMEWORK_SEARCH_PATHS = (
					"$(DEVELOPER_FRAMEWORKS_DIR)",
					"$(inherited)",
				);
				INFOPLIST_FILE = iTunesTagEditor2Tests/Info.plist;
				LD_RUNPATH_SEARCH_PATHS = "$(inherited) @executable_path/../Frameworks @loader_path/../Frameworks";
				PRODUCT_NAME = "$(TARGET_NAME)";
				TEST_HOST = "$(BUNDLE_LOADER)";
			};
			name = Release;
		};
/* End XCBuildConfiguration section */

/* Begin XCConfigurationList section */
		2AEA0821198D1DB300DE5752 /* Build configuration list for PBXProject "iTunesTagEditor2" */ = {
			isa = XCConfigurationList;
			buildConfigurations = (
				2AEA0840198D1DB400DE5752 /* Debug */,
				2AEA0841198D1DB400DE5752 /* Release */,
			);
			defaultConfigurationIsVisible = 0;
			defaultConfigurationName = Release;
		};
		2AEA0842198D1DB400DE5752 /* Build configuration list for PBXNativeTarget "iTunesTagEditor2" */ = {
			isa = XCConfigurationList;
			buildConfigurations = (
				2AEA0843198D1DB400DE5752 /* Debug */,
				2AEA0844198D1DB400DE5752 /* Release */,
			);
			defaultConfigurationIsVisible = 0;
		};
		2AEA0845198D1DB400DE5752 /* Build configuration list for PBXNativeTarget "iTunesTagEditor2Tests" */ = {
			isa = XCConfigurationList;
			buildConfigurations = (
				2AEA0846198D1DB400DE5752 /* Debug */,
				2AEA0847198D1DB400DE5752 /* Release */,
			);
			defaultConfigurationIsVisible = 0;
		};
/* End XCConfigurationList section */
	};
	rootObject = 2AEA081E198D1DB300DE5752 /* Project object */;
}
